
Microsoft Visual Studio Solution File, Format Version 12.00
# Visual Studio Version 17
VisualStudioVersion = 17.3.32825.248
MinimumVisualStudioVersion = 10.0.40219.1
Project("{8BC9CEB8-8B4A-11D0-8D11-00A0C91BC942}") = "[8]Largest product in a series", "[8]Largest product in a series\[8]Largest product in a series.vcxproj", "{78A5E386-44D9-432E-8EBD-3ADB1AF9F293}"
EndProject
Global
	GlobalSection(SolutionConfigurationPlatforms) = preSolution
		Debug|x64 = Debug|x64
		Debug|x86 = Debug|x86
		Release|x64 = Release|x64
		Release|x86 = Release|x86
	EndGlobalSection
	GlobalSection(ProjectConfigurationPlatforms) = postSolution
		{78A5E386-44D9-432E-8EBD-3ADB1AF9F293}.Debug|x64.ActiveCfg = Debug|x64
		{78A5E386-44D9-432E-8EBD-3ADB1AF9F293}.Debug|x64.Build.0 = Debug|x64
		{78A5E386-44D9-432E-8EBD-3ADB1AF9F293}.Debug|x86.ActiveCfg = Debug|Win32
		{78A5E386-44D9-432E-8EBD-3ADB1AF9F293}.Debug|x86.Build.0 = Debug|Win32
		{78A5E386-44D9-432E-8EBD-3ADB1AF9F293}.Release|x64.ActiveCfg = Release|x64
		{78A5E386-44D9-432E-8EBD-3ADB1AF9F293}.Release|x64.Build.0 = Release|x64
		{78A5E386-44D9-432E-8EBD-3ADB1AF9F293}.Release|x86.ActiveCfg = Release|Win32
		{78A5E386-44D9-432E-8EBD-3ADB1AF9F293}.Release|x86.Build.0 = Release|Win32
	EndGlobalSection
	GlobalSection(SolutionProperties) = preSolution
		HideSolutionNode = FALSE
	EndGlobalSection
	GlobalSection(ExtensibilityGlobals) = postSolution
		SolutionGuid = {7FE13D78-B134-43DA-A81E-D3BB5F4345F4}
	EndGlobalSection
EndGlobal
