
Microsoft Visual Studio Solution File, Format Version 12.00
# Visual Studio Version 17
VisualStudioVersion = 17.3.32825.248
MinimumVisualStudioVersion = 10.0.40219.1
Project("{8BC9CEB8-8B4A-11D0-8D11-00A0C91BC942}") = "[2]Even Fibonacci numbers", "[2]Even Fibonacci numbers\[2]Even Fibonacci numbers.vcxproj", "{DF86CC27-D45A-440E-9E0D-49320EF001B5}"
EndProject
Global
	GlobalSection(SolutionConfigurationPlatforms) = preSolution
		Debug|x64 = Debug|x64
		Debug|x86 = Debug|x86
		Release|x64 = Release|x64
		Release|x86 = Release|x86
	EndGlobalSection
	GlobalSection(ProjectConfigurationPlatforms) = postSolution
		{DF86CC27-D45A-440E-9E0D-49320EF001B5}.Debug|x64.ActiveCfg = Debug|x64
		{DF86CC27-D45A-440E-9E0D-49320EF001B5}.Debug|x64.Build.0 = Debug|x64
		{DF86CC27-D45A-440E-9E0D-49320EF001B5}.Debug|x86.ActiveCfg = Debug|Win32
		{DF86CC27-D45A-440E-9E0D-49320EF001B5}.Debug|x86.Build.0 = Debug|Win32
		{DF86CC27-D45A-440E-9E0D-49320EF001B5}.Release|x64.ActiveCfg = Release|x64
		{DF86CC27-D45A-440E-9E0D-49320EF001B5}.Release|x64.Build.0 = Release|x64
		{DF86CC27-D45A-440E-9E0D-49320EF001B5}.Release|x86.ActiveCfg = Release|Win32
		{DF86CC27-D45A-440E-9E0D-49320EF001B5}.Release|x86.Build.0 = Release|Win32
	EndGlobalSection
	GlobalSection(SolutionProperties) = preSolution
		HideSolutionNode = FALSE
	EndGlobalSection
	GlobalSection(ExtensibilityGlobals) = postSolution
		SolutionGuid = {61A815CD-6FC9-4329-833D-D28163400035}
	EndGlobalSection
EndGlobal
